
Microsoft Visual Studio Solution File, Format Version 12.00
# Visual Studio Version 16
VisualStudioVersion = 16.0.29911.84
MinimumVisualStudioVersion = 10.0.40219.1
Project("{2150E333-8FDC-42A3-9474-1A3956D46DE8}") = "Domain", "Domain", "{FD83115A-53AB-4D2F-A1F0-34907CD6CDD0}"
EndProject
Project("{2150E333-8FDC-42A3-9474-1A3956D46DE8}") = "Microservices", "Microservices", "{C03A5F4C-3BB1-4462-8839-96C589BCA0CE}"
EndProject
Project("{2150E333-8FDC-42A3-9474-1A3956D46DE8}") = "Infra.Bus", "Infra.Bus", "{BF375CBF-4D5A-465F-82AE-634CD3F922BC}"
EndProject
Project("{2150E333-8FDC-42A3-9474-1A3956D46DE8}") = "Infra.IoC", "Infra.IoC", "{56C48D2C-3C9F-4FE9-BACB-8149A3EFAB74}"
EndProject
Project("{2150E333-8FDC-42A3-9474-1A3956D46DE8}") = "Client", "Client", "{2CB918CB-451F-4AF7-98CB-1A28B8350B8B}"
EndProject
Project("{9A19103F-16F7-4668-BE54-9A1E7A4F7556}") = "MicroRabbit.Domain.Core", "MicroRabbit.Domain.Core\MicroRabbit.Domain.Core.csproj", "{EAC80298-683F-4978-8988-E0341E0A6F8A}"
EndProject
Project("{9A19103F-16F7-4668-BE54-9A1E7A4F7556}") = "MicroRabbit.Infra.Bus", "MicroRabbit.Infra.Bus\MicroRabbit.Infra.Bus.csproj", "{B511EA79-310E-4BD4-AD1D-61989AEFC0FD}"
EndProject
Project("{9A19103F-16F7-4668-BE54-9A1E7A4F7556}") = "MicroRabbit.Infra.IoC", "MicroRabbit.Infra.IoC\MicroRabbit.Infra.IoC.csproj", "{A111E860-D897-403E-82D7-6C9CCB520F83}"
EndProject
Project("{2150E333-8FDC-42A3-9474-1A3956D46DE8}") = "Banking", "Banking", "{E66459FA-17A6-4368-A2D5-2E17A9D91CAF}"
EndProject
Project("{2150E333-8FDC-42A3-9474-1A3956D46DE8}") = "Api", "Api", "{9FA4A5A5-F0C8-456A-B946-3D5222032C70}"
EndProject
Project("{2150E333-8FDC-42A3-9474-1A3956D46DE8}") = "Application", "Application", "{09081856-F000-46C8-976F-B3515247D1FC}"
EndProject
Project("{2150E333-8FDC-42A3-9474-1A3956D46DE8}") = "Data", "Data", "{3928D069-D3DA-43EF-8087-7D788F6E40F9}"
EndProject
Project("{2150E333-8FDC-42A3-9474-1A3956D46DE8}") = "Domain", "Domain", "{035B4D44-0922-4B8D-9AB0-289F071626AC}"
EndProject
Project("{9A19103F-16F7-4668-BE54-9A1E7A4F7556}") = "MicroRabbit.Banking.Api", "MicroRabbit.Banking.Api\MicroRabbit.Banking.Api.csproj", "{A6A8F449-7749-48C3-B581-2FDAEE6CF9EE}"
EndProject
Project("{9A19103F-16F7-4668-BE54-9A1E7A4F7556}") = "MicroRabbit.Banking.Application", "MicroRabbit.Banking.Application\MicroRabbit.Banking.Application.csproj", "{BB60C81F-AB9C-4227-9119-1754AB76CFF5}"
EndProject
Project("{9A19103F-16F7-4668-BE54-9A1E7A4F7556}") = "MicroRabbit.Banking.Domain", "MicroRabbit.Banking.Domain\MicroRabbit.Banking.Domain.csproj", "{1E8FCEDA-589E-4B9D-A706-3564690F03E6}"
EndProject
Project("{2150E333-8FDC-42A3-9474-1A3956D46DE8}") = "Transfer", "Transfer", "{BFAA8901-2692-45D3-8B31-C8F56F16AF1F}"
EndProject
Project("{2150E333-8FDC-42A3-9474-1A3956D46DE8}") = "Api", "Api", "{2A2AFB2F-64F8-4362-83D0-80D0B1CB6559}"
EndProject
Project("{2150E333-8FDC-42A3-9474-1A3956D46DE8}") = "Application", "Application", "{276DCA34-F5C4-421E-8E29-EDCEC5192A33}"
EndProject
Project("{2150E333-8FDC-42A3-9474-1A3956D46DE8}") = "Data", "Data", "{7A4605E7-EA7E-4CE1-9F1D-5E463D28C3CF}"
EndProject
Project("{2150E333-8FDC-42A3-9474-1A3956D46DE8}") = "Domain", "Domain", "{E8C1285B-55E2-49CE-B1C7-9BE3C7B0EBC8}"
EndProject
Project("{9A19103F-16F7-4668-BE54-9A1E7A4F7556}") = "MicroRabbit.Transfer.Api", "MicroRabbit.Transfer.Api\MicroRabbit.Transfer.Api.csproj", "{1D4C43CE-8C5D-4762-92CC-968F0451E38C}"
EndProject
Project("{9A19103F-16F7-4668-BE54-9A1E7A4F7556}") = "MicroRabbit.Transfer.Application", "MicroRabbit.Transfer.Application\MicroRabbit.Transfer.Application.csproj", "{1C12206F-6A72-4C43-A40C-66F55E533389}"
EndProject
Project("{9A19103F-16F7-4668-BE54-9A1E7A4F7556}") = "MicroRabbit.Transfer.Domain", "MicroRabbit.Transfer.Domain\MicroRabbit.Transfer.Domain.csproj", "{BA513C34-0BD5-405D-9BEA-9FA3A9B621B6}"
EndProject
Project("{9A19103F-16F7-4668-BE54-9A1E7A4F7556}") = "MicroRabbit.Banking.Data", "MicroRabbit.Banking.Data\MicroRabbit.Banking.Data.csproj", "{22EA32F9-F8D6-420A-88A5-BEF854247690}"
EndProject
Project("{9A19103F-16F7-4668-BE54-9A1E7A4F7556}") = "MicroRabbit.Transfer.Data", "MicroRabbit.Transfer.Data\MicroRabbit.Transfer.Data.csproj", "{28FEA492-9D51-4C5C-8D80-2137AE349EFB}"
EndProject
Project("{FAE04EC0-301F-11D3-BF4B-00C04F79EFBC}") = "MicroRabbit.MVC", "MicroRabbit.MVC\MicroRabbit.MVC.csproj", "{7C6FA718-70CC-4F8F-B0BE-5EB12685BD55}"
EndProject
Global
	GlobalSection(SolutionConfigurationPlatforms) = preSolution
		Debug|Any CPU = Debug|Any CPU
		Release|Any CPU = Release|Any CPU
	EndGlobalSection
	GlobalSection(ProjectConfigurationPlatforms) = postSolution
		{EAC80298-683F-4978-8988-E0341E0A6F8A}.Debug|Any CPU.ActiveCfg = Debug|Any CPU
		{EAC80298-683F-4978-8988-E0341E0A6F8A}.Debug|Any CPU.Build.0 = Debug|Any CPU
		{EAC80298-683F-4978-8988-E0341E0A6F8A}.Release|Any CPU.ActiveCfg = Release|Any CPU
		{EAC80298-683F-4978-8988-E0341E0A6F8A}.Release|Any CPU.Build.0 = Release|Any CPU
		{B511EA79-310E-4BD4-AD1D-61989AEFC0FD}.Debug|Any CPU.ActiveCfg = Debug|Any CPU
		{B511EA79-310E-4BD4-AD1D-61989AEFC0FD}.Debug|Any CPU.Build.0 = Debug|Any CPU
		{B511EA79-310E-4BD4-AD1D-61989AEFC0FD}.Release|Any CPU.ActiveCfg = Release|Any CPU
		{B511EA79-310E-4BD4-AD1D-61989AEFC0FD}.Release|Any CPU.Build.0 = Release|Any CPU
		{A111E860-D897-403E-82D7-6C9CCB520F83}.Debug|Any CPU.ActiveCfg = Debug|Any CPU
		{A111E860-D897-403E-82D7-6C9CCB520F83}.Debug|Any CPU.Build.0 = Debug|Any CPU
		{A111E860-D897-403E-82D7-6C9CCB520F83}.Release|Any CPU.ActiveCfg = Release|Any CPU
		{A111E860-D897-403E-82D7-6C9CCB520F83}.Release|Any CPU.Build.0 = Release|Any CPU
		{A6A8F449-7749-48C3-B581-2FDAEE6CF9EE}.Debug|Any CPU.ActiveCfg = Debug|Any CPU
		{A6A8F449-7749-48C3-B581-2FDAEE6CF9EE}.Debug|Any CPU.Build.0 = Debug|Any CPU
		{A6A8F449-7749-48C3-B581-2FDAEE6CF9EE}.Release|Any CPU.ActiveCfg = Release|Any CPU
		{A6A8F449-7749-48C3-B581-2FDAEE6CF9EE}.Release|Any CPU.Build.0 = Release|Any CPU
		{BB60C81F-AB9C-4227-9119-1754AB76CFF5}.Debug|Any CPU.ActiveCfg = Debug|Any CPU
		{BB60C81F-AB9C-4227-9119-1754AB76CFF5}.Debug|Any CPU.Build.0 = Debug|Any CPU
		{BB60C81F-AB9C-4227-9119-1754AB76CFF5}.Release|Any CPU.ActiveCfg = Release|Any CPU
		{BB60C81F-AB9C-4227-9119-1754AB76CFF5}.Release|Any CPU.Build.0 = Release|Any CPU
		{1E8FCEDA-589E-4B9D-A706-3564690F03E6}.Debug|Any CPU.ActiveCfg = Debug|Any CPU
		{1E8FCEDA-589E-4B9D-A706-3564690F03E6}.Debug|Any CPU.Build.0 = Debug|Any CPU
		{1E8FCEDA-589E-4B9D-A706-3564690F03E6}.Release|Any CPU.ActiveCfg = Release|Any CPU
		{1E8FCEDA-589E-4B9D-A706-3564690F03E6}.Release|Any CPU.Build.0 = Release|Any CPU
		{1D4C43CE-8C5D-4762-92CC-968F0451E38C}.Debug|Any CPU.ActiveCfg = Debug|Any CPU
		{1D4C43CE-8C5D-4762-92CC-968F0451E38C}.Debug|Any CPU.Build.0 = Debug|Any CPU
		{1D4C43CE-8C5D-4762-92CC-968F0451E38C}.Release|Any CPU.ActiveCfg = Release|Any CPU
		{1D4C43CE-8C5D-4762-92CC-968F0451E38C}.Release|Any CPU.Build.0 = Release|Any CPU
		{1C12206F-6A72-4C43-A40C-66F55E533389}.Debug|Any CPU.ActiveCfg = Debug|Any CPU
		{1C12206F-6A72-4C43-A40C-66F55E533389}.Debug|Any CPU.Build.0 = Debug|Any CPU
		{1C12206F-6A72-4C43-A40C-66F55E533389}.Release|Any CPU.ActiveCfg = Release|Any CPU
		{1C12206F-6A72-4C43-A40C-66F55E533389}.Release|Any CPU.Build.0 = Release|Any CPU
		{BA513C34-0BD5-405D-9BEA-9FA3A9B621B6}.Debug|Any CPU.ActiveCfg = Debug|Any CPU
		{BA513C34-0BD5-405D-9BEA-9FA3A9B621B6}.Debug|Any CPU.Build.0 = Debug|Any CPU
		{BA513C34-0BD5-405D-9BEA-9FA3A9B621B6}.Release|Any CPU.ActiveCfg = Release|Any CPU
		{BA513C34-0BD5-405D-9BEA-9FA3A9B621B6}.Release|Any CPU.Build.0 = Release|Any CPU
		{22EA32F9-F8D6-420A-88A5-BEF854247690}.Debug|Any CPU.ActiveCfg = Debug|Any CPU
		{22EA32F9-F8D6-420A-88A5-BEF854247690}.Debug|Any CPU.Build.0 = Debug|Any CPU
		{22EA32F9-F8D6-420A-88A5-BEF854247690}.Release|Any CPU.ActiveCfg = Release|Any CPU
		{22EA32F9-F8D6-420A-88A5-BEF854247690}.Release|Any CPU.Build.0 = Release|Any CPU
		{28FEA492-9D51-4C5C-8D80-2137AE349EFB}.Debug|Any CPU.ActiveCfg = Debug|Any CPU
		{28FEA492-9D51-4C5C-8D80-2137AE349EFB}.Debug|Any CPU.Build.0 = Debug|Any CPU
		{28FEA492-9D51-4C5C-8D80-2137AE349EFB}.Release|Any CPU.ActiveCfg = Release|Any CPU
		{28FEA492-9D51-4C5C-8D80-2137AE349EFB}.Release|Any CPU.Build.0 = Release|Any CPU
		{7C6FA718-70CC-4F8F-B0BE-5EB12685BD55}.Debug|Any CPU.ActiveCfg = Debug|Any CPU
		{7C6FA718-70CC-4F8F-B0BE-5EB12685BD55}.Debug|Any CPU.Build.0 = Debug|Any CPU
		{7C6FA718-70CC-4F8F-B0BE-5EB12685BD55}.Release|Any CPU.ActiveCfg = Release|Any CPU
		{7C6FA718-70CC-4F8F-B0BE-5EB12685BD55}.Release|Any CPU.Build.0 = Release|Any CPU
	EndGlobalSection
	GlobalSection(SolutionProperties) = preSolution
		HideSolutionNode = FALSE
	EndGlobalSection
	GlobalSection(NestedProjects) = preSolution
		{EAC80298-683F-4978-8988-E0341E0A6F8A} = {FD83115A-53AB-4D2F-A1F0-34907CD6CDD0}
		{B511EA79-310E-4BD4-AD1D-61989AEFC0FD} = {BF375CBF-4D5A-465F-82AE-634CD3F922BC}
		{A111E860-D897-403E-82D7-6C9CCB520F83} = {56C48D2C-3C9F-4FE9-BACB-8149A3EFAB74}
		{E66459FA-17A6-4368-A2D5-2E17A9D91CAF} = {C03A5F4C-3BB1-4462-8839-96C589BCA0CE}
		{9FA4A5A5-F0C8-456A-B946-3D5222032C70} = {E66459FA-17A6-4368-A2D5-2E17A9D91CAF}
		{09081856-F000-46C8-976F-B3515247D1FC} = {E66459FA-17A6-4368-A2D5-2E17A9D91CAF}
		{3928D069-D3DA-43EF-8087-7D788F6E40F9} = {E66459FA-17A6-4368-A2D5-2E17A9D91CAF}
		{035B4D44-0922-4B8D-9AB0-289F071626AC} = {E66459FA-17A6-4368-A2D5-2E17A9D91CAF}
		{A6A8F449-7749-48C3-B581-2FDAEE6CF9EE} = {9FA4A5A5-F0C8-456A-B946-3D5222032C70}
		{BB60C81F-AB9C-4227-9119-1754AB76CFF5} = {09081856-F000-46C8-976F-B3515247D1FC}
		{1E8FCEDA-589E-4B9D-A706-3564690F03E6} = {035B4D44-0922-4B8D-9AB0-289F071626AC}
		{BFAA8901-2692-45D3-8B31-C8F56F16AF1F} = {C03A5F4C-3BB1-4462-8839-96C589BCA0CE}
		{2A2AFB2F-64F8-4362-83D0-80D0B1CB6559} = {BFAA8901-2692-45D3-8B31-C8F56F16AF1F}
		{276DCA34-F5C4-421E-8E29-EDCEC5192A33} = {BFAA8901-2692-45D3-8B31-C8F56F16AF1F}
		{7A4605E7-EA7E-4CE1-9F1D-5E463D28C3CF} = {BFAA8901-2692-45D3-8B31-C8F56F16AF1F}
		{E8C1285B-55E2-49CE-B1C7-9BE3C7B0EBC8} = {BFAA8901-2692-45D3-8B31-C8F56F16AF1F}
		{1D4C43CE-8C5D-4762-92CC-968F0451E38C} = {2A2AFB2F-64F8-4362-83D0-80D0B1CB6559}
		{1C12206F-6A72-4C43-A40C-66F55E533389} = {276DCA34-F5C4-421E-8E29-EDCEC5192A33}
		{BA513C34-0BD5-405D-9BEA-9FA3A9B621B6} = {E8C1285B-55E2-49CE-B1C7-9BE3C7B0EBC8}
		{22EA32F9-F8D6-420A-88A5-BEF854247690} = {3928D069-D3DA-43EF-8087-7D788F6E40F9}
		{28FEA492-9D51-4C5C-8D80-2137AE349EFB} = {7A4605E7-EA7E-4CE1-9F1D-5E463D28C3CF}
		{7C6FA718-70CC-4F8F-B0BE-5EB12685BD55} = {2CB918CB-451F-4AF7-98CB-1A28B8350B8B}
	EndGlobalSection
	GlobalSection(ExtensibilityGlobals) = postSolution
		SolutionGuid = {E66FF82B-6D83-4CAF-B6E8-5B01997F85B3}
	EndGlobalSection
EndGlobal
